
Microsoft Visual Studio Solution File, Format Version 10.00
# Visual Studio 2008
Project("{FAE04EC0-301F-11D3-BF4B-00C04F79EFBC}") = "Eaglesoft Deposit", "Eaglesoft Deposit\Eaglesoft Deposit.csproj", "{113F0C92-6B54-40E9-90FE-280788546EF4}"
EndProject
Project("{54435603-DBB4-11D2-8724-00A0C9A8B90C}") = "QuickbooksLibraryInstaller", "..\QuickbooksLibraryInstaller\QuickbooksLibraryInstaller.vdproj", "{7F9D27F6-F5EA-4A68-94CA-427ECCD9ACEA}"
EndProject
Global
	GlobalSection(SolutionConfigurationPlatforms) = preSolution
		Debug|Any CPU = Debug|Any CPU
		Release|Any CPU = Release|Any CPU
	EndGlobalSection
	GlobalSection(ProjectConfigurationPlatforms) = postSolution
		{113F0C92-6B54-40E9-90FE-280788546EF4}.Debug|Any CPU.ActiveCfg = Debug|Any CPU
		{113F0C92-6B54-40E9-90FE-280788546EF4}.Debug|Any CPU.Build.0 = Debug|Any CPU
		{113F0C92-6B54-40E9-90FE-280788546EF4}.Release|Any CPU.ActiveCfg = Release|Any CPU
		{113F0C92-6B54-40E9-90FE-280788546EF4}.Release|Any CPU.Build.0 = Release|Any CPU
		{7F9D27F6-F5EA-4A68-94CA-427ECCD9ACEA}.Debug|Any CPU.ActiveCfg = Debug
		{7F9D27F6-F5EA-4A68-94CA-427ECCD9ACEA}.Debug|Any CPU.Build.0 = Debug
		{7F9D27F6-F5EA-4A68-94CA-427ECCD9ACEA}.Release|Any CPU.ActiveCfg = Release
		{7F9D27F6-F5EA-4A68-94CA-427ECCD9ACEA}.Release|Any CPU.Build.0 = Release
	EndGlobalSection
	GlobalSection(SolutionProperties) = preSolution
		HideSolutionNode = FALSE
	EndGlobalSection
EndGlobal
